{
  "name": "pex-io",
  "version": "2.1.0",
  "lockfileVersion": 2,
  "requires": true,
  "packages": {
    "": {
      "name": "pex-io",
      "version": "2.1.0",
      "license": "MIT",
      "devDependencies": {
        "@thi.ng/hdom": "^9.1.5",
        "es-module-shims": "^1.4.7"
      },
      "engines": {
        "node": ">=16.0.0",
        "npm": ">=7.0.0"
      }
    },
    "node_modules/@thi.ng/api": {
      "version": "8.3.4",
      "resolved": "https://registry.npmjs.org/@thi.ng/api/-/api-8.3.4.tgz",
      "integrity": "sha512-cmX205M5P/mAtSoRbZlIeRQFMEWj01BDUbdL6JzZBbfOKilEdbZyuLsSh2L+kL2JX5YyHN6yTGVaRuHzuktepA==",
      "dev": true,
      "funding": [
        {
          "type": "github",
          "url": "https://github.com/sponsors/postspectacular"
        },
        {
          "type": "patreon",
          "url": "https://patreon.com/thing_umbrella"
        }
      ],
      "engines": {
        "node": ">=12.7"
      }
    },
    "node_modules/@thi.ng/checks": {
      "version": "3.1.4",
      "resolved": "https://registry.npmjs.org/@thi.ng/checks/-/checks-3.1.4.tgz",
      "integrity": "sha512-pNzUbzk44n4sirofuzjq1R7NJBF9F0wy2qBinTeumC7xxyYCE9isCzKKwuJEdKFrK8FxhIyCg5JbleukfgNI7w==",
      "dev": true,
      "funding": [
        {
          "type": "github",
          "url": "https://github.com/sponsors/postspectacular"
        },
        {
          "type": "patreon",
          "url": "https://patreon.com/thing_umbrella"
        }
      ],
      "dependencies": {
        "tslib": "^2.3.1"
      },
      "engines": {
        "node": ">=12.7"
      }
    },
    "node_modules/@thi.ng/diff": {
      "version": "5.1.4",
      "resolved": "https://registry.npmjs.org/@thi.ng/diff/-/diff-5.1.4.tgz",
      "integrity": "sha512-xNG5hSFtifccMDzx7sUZ0SRTZOLCAE7uKEFeM2vyYIXMEA32bMUTUgMtrrRDTgcdVS1J3qtERSyxbbxVncdHZg==",
      "dev": true,
      "funding": [
        {
          "type": "github",
          "url": "https://github.com/sponsors/postspectacular"
        },
        {
          "type": "patreon",
          "url": "https://patreon.com/thing_umbrella"
        }
      ],
      "dependencies": {
        "@thi.ng/api": "^8.3.4",
        "@thi.ng/equiv": "^2.1.4"
      },
      "engines": {
        "node": ">=12.7"
      }
    },
    "node_modules/@thi.ng/equiv": {
      "version": "2.1.4",
      "resolved": "https://registry.npmjs.org/@thi.ng/equiv/-/equiv-2.1.4.tgz",
      "integrity": "sha512-pXKYlM6mRgXj2PESgqeVmEze5k9vd+szpeh2ClbG+2/FSZUrVyLI3j92usojjBpDkaci3SXh4x5X2B8MvY7izw==",
      "dev": true,
      "funding": [
        {
          "type": "github",
          "url": "https://github.com/sponsors/postspectacular"
        },
        {
          "type": "patreon",
          "url": "https://patreon.com/thing_umbrella"
        }
      ],
      "engines": {
        "node": ">=12.7"
      }
    },
    "node_modules/@thi.ng/errors": {
      "version": "2.1.4",
      "resolved": "https://registry.npmjs.org/@thi.ng/errors/-/errors-2.1.4.tgz",
      "integrity": "sha512-eIBlO2B25o34V9O0L3lTf5kyeKD90UaRJmuvt+TpGJ+ofo6lmlM5Bddw9eytLKk5YT01RlJNl8EBwNrw/vtEyg==",
      "dev": true,
      "funding": [
        {
          "type": "github",
          "url": "https://github.com/sponsors/postspectacular"
        },
        {
          "type": "patreon",
          "url": "https://patreon.com/thing_umbrella"
        }
      ],
      "engines": {
        "node": ">=12.7"
      }
    },
    "node_modules/@thi.ng/hdom": {
      "version": "9.1.5",
      "resolved": "https://registry.npmjs.org/@thi.ng/hdom/-/hdom-9.1.5.tgz",
      "integrity": "sha512-FdnRe6VaNpb/9HCk0gCGvis/97kc63IU6mcUjVh+34pNWIO36DwbyAHuP9+1s7OuhMN43GT2pbb2uyget7AYmQ==",
      "dev": true,
      "funding": [
        {
          "type": "github",
          "url": "https://github.com/sponsors/postspectacular"
        },
        {
          "type": "patreon",
          "url": "https://patreon.com/thing_umbrella"
        }
      ],
      "dependencies": {
        "@thi.ng/api": "^8.3.4",
        "@thi.ng/checks": "^3.1.4",
        "@thi.ng/diff": "^5.1.4",
        "@thi.ng/equiv": "^2.1.4",
        "@thi.ng/errors": "^2.1.4",
        "@thi.ng/hiccup": "^4.2.5",
        "@thi.ng/logger": "^1.1.4",
        "@thi.ng/prefixes": "^2.1.4"
      },
      "engines": {
        "node": ">=12.7"
      }
    },
    "node_modules/@thi.ng/hex": {
      "version": "2.1.4",
      "resolved": "https://registry.npmjs.org/@thi.ng/hex/-/hex-2.1.4.tgz",
      "integrity": "sha512-D7aL+6Vi/vUlel7NMRSkJfxdvq/JBfbxU4boFAAb6THAif528vCEKzdNwBRZ0X92SC2nRpkUUI/VZU47UMZ1ZA==",
      "dev": true,
      "funding": [
        {
          "type": "github",
          "url": "https://github.com/sponsors/postspectacular"
        },
        {
          "type": "patreon",
          "url": "https://patreon.com/thing_umbrella"
        }
      ],
      "engines": {
        "node": ">=12.7"
      }
    },
    "node_modules/@thi.ng/hiccup": {
      "version": "4.2.5",
      "resolved": "https://registry.npmjs.org/@thi.ng/hiccup/-/hiccup-4.2.5.tgz",
      "integrity": "sha512-s97u2Wk4ySbbPTmWnNPX1NmqvUewyXrBjPJZhX2G2y3Tcg3kzgkORQloRX6YBWeH26a+Tj4Ki2TYVzLQzYBvwA==",
      "dev": true,
      "funding": [
        {
          "type": "github",
          "url": "https://github.com/sponsors/postspectacular"
        },
        {
          "type": "patreon",
          "url": "https://patreon.com/thing_umbrella"
        }
      ],
      "dependencies": {
        "@thi.ng/api": "^8.3.4",
        "@thi.ng/checks": "^3.1.4",
        "@thi.ng/errors": "^2.1.4",
        "@thi.ng/strings": "^3.3.2"
      },
      "engines": {
        "node": ">=12.7"
      }
    },
    "node_modules/@thi.ng/logger": {
      "version": "1.1.4",
      "resolved": "https://registry.npmjs.org/@thi.ng/logger/-/logger-1.1.4.tgz",
      "integrity": "sha512-95mgJAWME8fjN2KG7URWhj8wRg7awXZmw4ml5AKfJUu7+dmWkTqeEGGKNnbXgjf/Iz71LZKWohPOTFbxTdS5bA==",
      "dev": true,
      "funding": [
        {
          "type": "github",
          "url": "https://github.com/sponsors/postspectacular"
        },
        {
          "type": "patreon",
          "url": "https://patreon.com/thing_umbrella"
        }
      ],
      "engines": {
        "node": ">=12.7"
      }
    },
    "node_modules/@thi.ng/memoize": {
      "version": "3.1.4",
      "resolved": "https://registry.npmjs.org/@thi.ng/memoize/-/memoize-3.1.4.tgz",
      "integrity": "sha512-BZHNLTYcrRBkwYHD/7k10WEwU+xo9V0JFYlS/yQLSxXvZf+Gd555/LNkSWxXEbG3D9RtTWVgHNHZjsDJSatYUw==",
      "dev": true,
      "funding": [
        {
          "type": "github",
          "url": "https://github.com/sponsors/postspectacular"
        },
        {
          "type": "patreon",
          "url": "https://patreon.com/thing_umbrella"
        }
      ],
      "dependencies": {
        "@thi.ng/api": "^8.3.4"
      },
      "engines": {
        "node": ">=12.7"
      }
    },
    "node_modules/@thi.ng/prefixes": {
      "version": "2.1.4",
      "resolved": "https://registry.npmjs.org/@thi.ng/prefixes/-/prefixes-2.1.4.tgz",
      "integrity": "sha512-hReKS2LxZZE3d6rJkk24pz1jXVxJC7fLnoKXM04P1io39Ybmy5FazFozCy4xDquBY/lNJA8XBkPaNZYpZQPvWw==",
      "dev": true,
      "funding": [
        {
          "type": "github",
          "url": "https://github.com/sponsors/postspectacular"
        },
        {
          "type": "patreon",
          "url": "https://patreon.com/thing_umbrella"
        }
      ],
      "engines": {
        "node": ">=12.7"
      }
    },
    "node_modules/@thi.ng/strings": {
      "version": "3.3.2",
      "resolved": "https://registry.npmjs.org/@thi.ng/strings/-/strings-3.3.2.tgz",
      "integrity": "sha512-0to4ArXT/8e2oFrOk8zVzxvK3jkwGR4FW2tj45baP78Vt0wtfbaede4kDapUkvSuHmrX/G3LjhEUO5InqI6Icg==",
      "dev": true,
      "funding": [
        {
          "type": "github",
          "url": "https://github.com/sponsors/postspectacular"
        },
        {
          "type": "patreon",
          "url": "https://patreon.com/thing_umbrella"
        }
      ],
      "dependencies": {
        "@thi.ng/api": "^8.3.4",
        "@thi.ng/errors": "^2.1.4",
        "@thi.ng/hex": "^2.1.4",
        "@thi.ng/memoize": "^3.1.4"
      },
      "engines": {
        "node": ">=12.7"
      }
    },
    "node_modules/es-module-shims": {
      "version": "1.4.7",
      "resolved": "https://registry.npmjs.org/es-module-shims/-/es-module-shims-1.4.7.tgz",
      "integrity": "sha512-qYSDOnqPKoBoMGlpY8kQj1v3mVPpTfcob9a2xIIFoNgRlaVuI59yFODKkYrJ3nkz3z7d4dGpiUMRxes8jgiNRQ==",
      "dev": true
    },
    "node_modules/tslib": {
      "version": "2.3.1",
      "resolved": "https://registry.npmjs.org/tslib/-/tslib-2.3.1.tgz",
      "integrity": "sha512-77EbyPPpMz+FRFRuAFlWMtmgUWGe9UOG2Z25NqCwiIjRhOf5iKGuzSe5P2w1laq+FkRy4p+PCuVkJSGkzTEKVw==",
      "dev": true
    }
  },
  "dependencies": {
    "@thi.ng/api": {
      "version": "8.3.4",
      "resolved": "https://registry.npmjs.org/@thi.ng/api/-/api-8.3.4.tgz",
      "integrity": "sha512-cmX205M5P/mAtSoRbZlIeRQFMEWj01BDUbdL6JzZBbfOKilEdbZyuLsSh2L+kL2JX5YyHN6yTGVaRuHzuktepA==",
      "dev": true
    },
    "@thi.ng/checks": {
      "version": "3.1.4",
      "resolved": "https://registry.npmjs.org/@thi.ng/checks/-/checks-3.1.4.tgz",
      "integrity": "sha512-pNzUbzk44n4sirofuzjq1R7NJBF9F0wy2qBinTeumC7xxyYCE9isCzKKwuJEdKFrK8FxhIyCg5JbleukfgNI7w==",
      "dev": true,
      "requires": {
        "tslib": "^2.3.1"
      }
    },
    "@thi.ng/diff": {
      "version": "5.1.4",
      "resolved": "https://registry.npmjs.org/@thi.ng/diff/-/diff-5.1.4.tgz",
      "integrity": "sha512-xNG5hSFtifccMDzx7sUZ0SRTZOLCAE7uKEFeM2vyYIXMEA32bMUTUgMtrrRDTgcdVS1J3qtERSyxbbxVncdHZg==",
      "dev": true,
      "requires": {
        "@thi.ng/api": "^8.3.4",
        "@thi.ng/equiv": "^2.1.4"
      }
    },
    "@thi.ng/equiv": {
      "version": "2.1.4",
      "resolved": "https://registry.npmjs.org/@thi.ng/equiv/-/equiv-2.1.4.tgz",
      "integrity": "sha512-pXKYlM6mRgXj2PESgqeVmEze5k9vd+szpeh2ClbG+2/FSZUrVyLI3j92usojjBpDkaci3SXh4x5X2B8MvY7izw==",
      "dev": true
    },
    "@thi.ng/errors": {
      "version": "2.1.4",
      "resolved": "https://registry.npmjs.org/@thi.ng/errors/-/errors-2.1.4.tgz",
      "integrity": "sha512-eIBlO2B25o34V9O0L3lTf5kyeKD90UaRJmuvt+TpGJ+ofo6lmlM5Bddw9eytLKk5YT01RlJNl8EBwNrw/vtEyg==",
      "dev": true
    },
    "@thi.ng/hdom": {
      "version": "9.1.5",
      "resolved": "https://registry.npmjs.org/@thi.ng/hdom/-/hdom-9.1.5.tgz",
      "integrity": "sha512-FdnRe6VaNpb/9HCk0gCGvis/97kc63IU6mcUjVh+34pNWIO36DwbyAHuP9+1s7OuhMN43GT2pbb2uyget7AYmQ==",
      "dev": true,
      "requires": {
        "@thi.ng/api": "^8.3.4",
        "@thi.ng/checks": "^3.1.4",
        "@thi.ng/diff": "^5.1.4",
        "@thi.ng/equiv": "^2.1.4",
        "@thi.ng/errors": "^2.1.4",
        "@thi.ng/hiccup": "^4.2.5",
        "@thi.ng/logger": "^1.1.4",
        "@thi.ng/prefixes": "^2.1.4"
      }
    },
    "@thi.ng/hex": {
      "version": "2.1.4",
      "resolved": "https://registry.npmjs.org/@thi.ng/hex/-/hex-2.1.4.tgz",
      "integrity": "sha512-D7aL+6Vi/vUlel7NMRSkJfxdvq/JBfbxU4boFAAb6THAif528vCEKzdNwBRZ0X92SC2nRpkUUI/VZU47UMZ1ZA==",
      "dev": true
    },
    "@thi.ng/hiccup": {
      "version": "4.2.5",
      "resolved": "https://registry.npmjs.org/@thi.ng/hiccup/-/hiccup-4.2.5.tgz",
      "integrity": "sha512-s97u2Wk4ySbbPTmWnNPX1NmqvUewyXrBjPJZhX2G2y3Tcg3kzgkORQloRX6YBWeH26a+Tj4Ki2TYVzLQzYBvwA==",
      "dev": true,
      "requires": {
        "@thi.ng/api": "^8.3.4",
        "@thi.ng/checks": "^3.1.4",
        "@thi.ng/errors": "^2.1.4",
        "@thi.ng/strings": "^3.3.2"
      }
    },
    "@thi.ng/logger": {
      "version": "1.1.4",
      "resolved": "https://registry.npmjs.org/@thi.ng/logger/-/logger-1.1.4.tgz",
      "integrity": "sha512-95mgJAWME8fjN2KG7URWhj8wRg7awXZmw4ml5AKfJUu7+dmWkTqeEGGKNnbXgjf/Iz71LZKWohPOTFbxTdS5bA==",
      "dev": true
    },
    "@thi.ng/memoize": {
      "version": "3.1.4",
      "resolved": "https://registry.npmjs.org/@thi.ng/memoize/-/memoize-3.1.4.tgz",
      "integrity": "sha512-BZHNLTYcrRBkwYHD/7k10WEwU+xo9V0JFYlS/yQLSxXvZf+Gd555/LNkSWxXEbG3D9RtTWVgHNHZjsDJSatYUw==",
      "dev": true,
      "requires": {
        "@thi.ng/api": "^8.3.4"
      }
    },
    "@thi.ng/prefixes": {
      "version": "2.1.4",
      "resolved": "https://registry.npmjs.org/@thi.ng/prefixes/-/prefixes-2.1.4.tgz",
      "integrity": "sha512-hReKS2LxZZE3d6rJkk24pz1jXVxJC7fLnoKXM04P1io39Ybmy5FazFozCy4xDquBY/lNJA8XBkPaNZYpZQPvWw==",
      "dev": true
    },
    "@thi.ng/strings": {
      "version": "3.3.2",
      "resolved": "https://registry.npmjs.org/@thi.ng/strings/-/strings-3.3.2.tgz",
      "integrity": "sha512-0to4ArXT/8e2oFrOk8zVzxvK3jkwGR4FW2tj45baP78Vt0wtfbaede4kDapUkvSuHmrX/G3LjhEUO5InqI6Icg==",
      "dev": true,
      "requires": {
        "@thi.ng/api": "^8.3.4",
        "@thi.ng/errors": "^2.1.4",
        "@thi.ng/hex": "^2.1.4",
        "@thi.ng/memoize": "^3.1.4"
      }
    },
    "es-module-shims": {
      "version": "1.4.7",
      "resolved": "https://registry.npmjs.org/es-module-shims/-/es-module-shims-1.4.7.tgz",
      "integrity": "sha512-qYSDOnqPKoBoMGlpY8kQj1v3mVPpTfcob9a2xIIFoNgRlaVuI59yFODKkYrJ3nkz3z7d4dGpiUMRxes8jgiNRQ==",
      "dev": true
    },
    "tslib": {
      "version": "2.3.1",
      "resolved": "https://registry.npmjs.org/tslib/-/tslib-2.3.1.tgz",
      "integrity": "sha512-77EbyPPpMz+FRFRuAFlWMtmgUWGe9UOG2Z25NqCwiIjRhOf5iKGuzSe5P2w1laq+FkRy4p+PCuVkJSGkzTEKVw==",
      "dev": true
    }
  }
}
